
Microsoft Visual Studio Solution File, Format Version 12.00
# Visual Studio Version 16
VisualStudioVersion = 16.0.30011.22
MinimumVisualStudioVersion = 10.0.40219.1
Project("{FAE04EC0-301F-11D3-BF4B-00C04F79EFBC}") = "g191210066", "g191210066\g191210066.csproj", "{725BF5A9-0C68-4451-B84A-C5F73C0A5E02}"
EndProject
Global
	GlobalSection(SolutionConfigurationPlatforms) = preSolution
		Debug|Any CPU = Debug|Any CPU
		Release|Any CPU = Release|Any CPU
	EndGlobalSection
	GlobalSection(ProjectConfigurationPlatforms) = postSolution
		{725BF5A9-0C68-4451-B84A-C5F73C0A5E02}.Debug|Any CPU.ActiveCfg = Debug|Any CPU
		{725BF5A9-0C68-4451-B84A-C5F73C0A5E02}.Debug|Any CPU.Build.0 = Debug|Any CPU
		{725BF5A9-0C68-4451-B84A-C5F73C0A5E02}.Release|Any CPU.ActiveCfg = Release|Any CPU
		{725BF5A9-0C68-4451-B84A-C5F73C0A5E02}.Release|Any CPU.Build.0 = Release|Any CPU
	EndGlobalSection
	GlobalSection(SolutionProperties) = preSolution
		HideSolutionNode = FALSE
	EndGlobalSection
	GlobalSection(ExtensibilityGlobals) = postSolution
		SolutionGuid = {F829CBC7-3FC1-4C71-A72F-E5C063362C23}
	EndGlobalSection
EndGlobal
